
Microsoft Visual Studio Solution File, Format Version 12.00
# Visual Studio Version 16
VisualStudioVersion = 16.0.31321.278
MinimumVisualStudioVersion = 10.0.40219.1
Project("{2150E333-8FDC-42A3-9474-1A3956D46DE8}") = "src", "src", "{D230C2A4-F427-43C0-B783-F31F62C56707}"
EndProject
Project("{2150E333-8FDC-42A3-9474-1A3956D46DE8}") = "test", "test", "{AD26488D-6E1C-486C-A6B7-48ACE50DCC9B}"
EndProject
Project("{9A19103F-16F7-4668-BE54-9A1E7A4F7556}") = "Yab.AspNetCore", "src\Yab.AspNetCore\Yab.AspNetCore.csproj", "{C331A488-45E2-4FCB-97FC-163E6656FC84}"
EndProject
Project("{9A19103F-16F7-4668-BE54-9A1E7A4F7556}") = "Yab", "src\Yab\Yab.csproj", "{7E5A3AEC-2458-4A96-92CD-CB1733270F3A}"
EndProject
Project("{2150E333-8FDC-42A3-9474-1A3956D46DE8}") = "demo", "demo", "{3662CE64-B725-441E-83B4-731AA4E736F7}"
EndProject
Project("{9A19103F-16F7-4668-BE54-9A1E7A4F7556}") = "Yab.Background.Abstractions", "src\Yab.Background.Abstractions\Yab.Background.Abstractions.csproj", "{5FE59BC2-26C2-4467-8159-340528A540F6}"
EndProject
Project("{9A19103F-16F7-4668-BE54-9A1E7A4F7556}") = "Yab.Background.Quartz", "src\Yab.Background.Quartz\Yab.Background.Quartz.csproj", "{A87F9857-6CF7-48D1-AF59-55E4E7D5AB54}"
EndProject
Project("{9A19103F-16F7-4668-BE54-9A1E7A4F7556}") = "Yab.Message.Sms.Aliyun", "src\Yab.Message.Sms.Aliyun\Yab.Message.Sms.Aliyun.csproj", "{65CC39D8-9428-4C92-860B-283681E3EEB1}"
EndProject
Project("{9A19103F-16F7-4668-BE54-9A1E7A4F7556}") = "Yab.Demo.WebDemo", "demo\Yab.Demo.WebDemo\Yab.Demo.WebDemo.csproj", "{24AD5FD1-DEFE-4709-8097-09407F671655}"
EndProject
Project("{9A19103F-16F7-4668-BE54-9A1E7A4F7556}") = "Yab.Demo.ConsoleDemo", "demo\Yab.Demo.ConsoleDemo\Yab.Demo.ConsoleDemo.csproj", "{61ED861D-6FF5-4979-9047-40623FB2F36A}"
EndProject
Project("{9A19103F-16F7-4668-BE54-9A1E7A4F7556}") = "Yab.DDD.Domain", "src\Yab.DDD.Domain\Yab.DDD.Domain.csproj", "{9D03AA5E-399C-44D3-9CA1-FA509CB6B022}"
EndProject
Project("{9A19103F-16F7-4668-BE54-9A1E7A4F7556}") = "Yab.EntityFrameworkCore", "src\Yab.EntityFrameworkCore\Yab.EntityFrameworkCore.csproj", "{1523503C-8F42-4FFC-A8A2-F73B11E95747}"
EndProject
Global
	GlobalSection(SolutionConfigurationPlatforms) = preSolution
		Debug|Any CPU = Debug|Any CPU
		Release|Any CPU = Release|Any CPU
	EndGlobalSection
	GlobalSection(ProjectConfigurationPlatforms) = postSolution
		{C331A488-45E2-4FCB-97FC-163E6656FC84}.Debug|Any CPU.ActiveCfg = Debug|Any CPU
		{C331A488-45E2-4FCB-97FC-163E6656FC84}.Debug|Any CPU.Build.0 = Debug|Any CPU
		{C331A488-45E2-4FCB-97FC-163E6656FC84}.Release|Any CPU.ActiveCfg = Release|Any CPU
		{C331A488-45E2-4FCB-97FC-163E6656FC84}.Release|Any CPU.Build.0 = Release|Any CPU
		{7E5A3AEC-2458-4A96-92CD-CB1733270F3A}.Debug|Any CPU.ActiveCfg = Debug|Any CPU
		{7E5A3AEC-2458-4A96-92CD-CB1733270F3A}.Debug|Any CPU.Build.0 = Debug|Any CPU
		{7E5A3AEC-2458-4A96-92CD-CB1733270F3A}.Release|Any CPU.ActiveCfg = Release|Any CPU
		{7E5A3AEC-2458-4A96-92CD-CB1733270F3A}.Release|Any CPU.Build.0 = Release|Any CPU
		{5FE59BC2-26C2-4467-8159-340528A540F6}.Debug|Any CPU.ActiveCfg = Debug|Any CPU
		{5FE59BC2-26C2-4467-8159-340528A540F6}.Debug|Any CPU.Build.0 = Debug|Any CPU
		{5FE59BC2-26C2-4467-8159-340528A540F6}.Release|Any CPU.ActiveCfg = Release|Any CPU
		{5FE59BC2-26C2-4467-8159-340528A540F6}.Release|Any CPU.Build.0 = Release|Any CPU
		{A87F9857-6CF7-48D1-AF59-55E4E7D5AB54}.Debug|Any CPU.ActiveCfg = Debug|Any CPU
		{A87F9857-6CF7-48D1-AF59-55E4E7D5AB54}.Debug|Any CPU.Build.0 = Debug|Any CPU
		{A87F9857-6CF7-48D1-AF59-55E4E7D5AB54}.Release|Any CPU.ActiveCfg = Release|Any CPU
		{A87F9857-6CF7-48D1-AF59-55E4E7D5AB54}.Release|Any CPU.Build.0 = Release|Any CPU
		{65CC39D8-9428-4C92-860B-283681E3EEB1}.Debug|Any CPU.ActiveCfg = Debug|Any CPU
		{65CC39D8-9428-4C92-860B-283681E3EEB1}.Debug|Any CPU.Build.0 = Debug|Any CPU
		{65CC39D8-9428-4C92-860B-283681E3EEB1}.Release|Any CPU.ActiveCfg = Release|Any CPU
		{65CC39D8-9428-4C92-860B-283681E3EEB1}.Release|Any CPU.Build.0 = Release|Any CPU
		{24AD5FD1-DEFE-4709-8097-09407F671655}.Debug|Any CPU.ActiveCfg = Debug|Any CPU
		{24AD5FD1-DEFE-4709-8097-09407F671655}.Debug|Any CPU.Build.0 = Debug|Any CPU
		{24AD5FD1-DEFE-4709-8097-09407F671655}.Release|Any CPU.ActiveCfg = Release|Any CPU
		{24AD5FD1-DEFE-4709-8097-09407F671655}.Release|Any CPU.Build.0 = Release|Any CPU
		{61ED861D-6FF5-4979-9047-40623FB2F36A}.Debug|Any CPU.ActiveCfg = Debug|Any CPU
		{61ED861D-6FF5-4979-9047-40623FB2F36A}.Debug|Any CPU.Build.0 = Debug|Any CPU
		{61ED861D-6FF5-4979-9047-40623FB2F36A}.Release|Any CPU.ActiveCfg = Release|Any CPU
		{61ED861D-6FF5-4979-9047-40623FB2F36A}.Release|Any CPU.Build.0 = Release|Any CPU
		{9D03AA5E-399C-44D3-9CA1-FA509CB6B022}.Debug|Any CPU.ActiveCfg = Debug|Any CPU
		{9D03AA5E-399C-44D3-9CA1-FA509CB6B022}.Debug|Any CPU.Build.0 = Debug|Any CPU
		{9D03AA5E-399C-44D3-9CA1-FA509CB6B022}.Release|Any CPU.ActiveCfg = Release|Any CPU
		{9D03AA5E-399C-44D3-9CA1-FA509CB6B022}.Release|Any CPU.Build.0 = Release|Any CPU
		{1523503C-8F42-4FFC-A8A2-F73B11E95747}.Debug|Any CPU.ActiveCfg = Debug|Any CPU
		{1523503C-8F42-4FFC-A8A2-F73B11E95747}.Debug|Any CPU.Build.0 = Debug|Any CPU
		{1523503C-8F42-4FFC-A8A2-F73B11E95747}.Release|Any CPU.ActiveCfg = Release|Any CPU
		{1523503C-8F42-4FFC-A8A2-F73B11E95747}.Release|Any CPU.Build.0 = Release|Any CPU
	EndGlobalSection
	GlobalSection(SolutionProperties) = preSolution
		HideSolutionNode = FALSE
	EndGlobalSection
	GlobalSection(NestedProjects) = preSolution
		{C331A488-45E2-4FCB-97FC-163E6656FC84} = {D230C2A4-F427-43C0-B783-F31F62C56707}
		{7E5A3AEC-2458-4A96-92CD-CB1733270F3A} = {D230C2A4-F427-43C0-B783-F31F62C56707}
		{5FE59BC2-26C2-4467-8159-340528A540F6} = {D230C2A4-F427-43C0-B783-F31F62C56707}
		{A87F9857-6CF7-48D1-AF59-55E4E7D5AB54} = {D230C2A4-F427-43C0-B783-F31F62C56707}
		{65CC39D8-9428-4C92-860B-283681E3EEB1} = {D230C2A4-F427-43C0-B783-F31F62C56707}
		{24AD5FD1-DEFE-4709-8097-09407F671655} = {3662CE64-B725-441E-83B4-731AA4E736F7}
		{61ED861D-6FF5-4979-9047-40623FB2F36A} = {3662CE64-B725-441E-83B4-731AA4E736F7}
		{9D03AA5E-399C-44D3-9CA1-FA509CB6B022} = {D230C2A4-F427-43C0-B783-F31F62C56707}
		{1523503C-8F42-4FFC-A8A2-F73B11E95747} = {D230C2A4-F427-43C0-B783-F31F62C56707}
	EndGlobalSection
	GlobalSection(ExtensibilityGlobals) = postSolution
		SolutionGuid = {210641C9-7966-4459-88AF-5FB40978CA6E}
	EndGlobalSection
EndGlobal
